
Microsoft Visual Studio Solution File, Format Version 12.00
# Visual Studio 15
VisualStudioVersion = 15.0.28010.2048
MinimumVisualStudioVersion = 10.0.40219.1
Project("{FAE04EC0-301F-11D3-BF4B-00C04F79EFBC}") = "Chronos", "Chronos\Chronos.csproj", "{D8977D11-DB85-4CA9-A823-23B08309E18F}"
EndProject
Global
	GlobalSection(SolutionConfigurationPlatforms) = preSolution
		Debug|Any CPU = Debug|Any CPU
		Release|Any CPU = Release|Any CPU
	EndGlobalSection
	GlobalSection(ProjectConfigurationPlatforms) = postSolution
		{D8977D11-DB85-4CA9-A823-23B08309E18F}.Debug|Any CPU.ActiveCfg = Debug|Any CPU
		{D8977D11-DB85-4CA9-A823-23B08309E18F}.Debug|Any CPU.Build.0 = Debug|Any CPU
		{D8977D11-DB85-4CA9-A823-23B08309E18F}.Release|Any CPU.ActiveCfg = Release|Any CPU
		{D8977D11-DB85-4CA9-A823-23B08309E18F}.Release|Any CPU.Build.0 = Release|Any CPU
	EndGlobalSection
	GlobalSection(SolutionProperties) = preSolution
		HideSolutionNode = FALSE
	EndGlobalSection
	GlobalSection(ExtensibilityGlobals) = postSolution
		SolutionGuid = {87977150-83D3-4F88-980D-0C19104BDD52}
	EndGlobalSection
EndGlobal
